
Microsoft Visual Studio Solution File, Format Version 12.00
# Visual Studio Version 17
VisualStudioVersion = 17.8.34525.116
MinimumVisualStudioVersion = 10.0.40219.1
Project("{2150E333-8FDC-42A3-9474-1A3956D46DE8}") = "src", "src", "{CEB9D849-668A-489C-BE1B-28A215AE1764}"
EndProject
Project("{2150E333-8FDC-42A3-9474-1A3956D46DE8}") = "Core", "Core", "{A7B7226E-D69C-40D9-91AD-DAB6FD1CFD6D}"
EndProject
Project("{2150E333-8FDC-42A3-9474-1A3956D46DE8}") = "Infraestructure", "Infraestructure", "{47E4A452-853E-4C7C-AB8D-03A39AFDBEDD}"
EndProject
Project("{2150E333-8FDC-42A3-9474-1A3956D46DE8}") = "Presentation", "Presentation", "{7BD8B17C-CBA8-4AE5-8A59-EE9811CC88B0}"
EndProject
Project("{FAE04EC0-301F-11D3-BF4B-00C04F79EFBC}") = "Application", "Application\Application.csproj", "{E1C32C8D-40F4-4363-85D3-C658DABD139A}"
EndProject
Project("{FAE04EC0-301F-11D3-BF4B-00C04F79EFBC}") = "Domain", "Domain\Domain.csproj", "{FF492F31-1FFA-4F66-8C17-8D4E889FF9F0}"
EndProject
Project("{FAE04EC0-301F-11D3-BF4B-00C04F79EFBC}") = "Persistence", "Persistence\Persistence.csproj", "{EB44049E-5D76-4727-9140-0CF4734DFFF3}"
EndProject
Project("{FAE04EC0-301F-11D3-BF4B-00C04F79EFBC}") = "Shared", "Shared\Shared.csproj", "{23D1306F-50FC-4AD2-A4EC-358EA61A76A5}"
EndProject
Project("{FAE04EC0-301F-11D3-BF4B-00C04F79EFBC}") = "WebApi", "WebApi\WebApi.csproj", "{F99E7BA9-A2BA-486E-B1DF-06811B10DB3B}"
EndProject
Global
	GlobalSection(SolutionConfigurationPlatforms) = preSolution
		Debug|Any CPU = Debug|Any CPU
		Release|Any CPU = Release|Any CPU
	EndGlobalSection
	GlobalSection(ProjectConfigurationPlatforms) = postSolution
		{E1C32C8D-40F4-4363-85D3-C658DABD139A}.Debug|Any CPU.ActiveCfg = Debug|Any CPU
		{E1C32C8D-40F4-4363-85D3-C658DABD139A}.Debug|Any CPU.Build.0 = Debug|Any CPU
		{E1C32C8D-40F4-4363-85D3-C658DABD139A}.Release|Any CPU.ActiveCfg = Release|Any CPU
		{E1C32C8D-40F4-4363-85D3-C658DABD139A}.Release|Any CPU.Build.0 = Release|Any CPU
		{FF492F31-1FFA-4F66-8C17-8D4E889FF9F0}.Debug|Any CPU.ActiveCfg = Debug|Any CPU
		{FF492F31-1FFA-4F66-8C17-8D4E889FF9F0}.Debug|Any CPU.Build.0 = Debug|Any CPU
		{FF492F31-1FFA-4F66-8C17-8D4E889FF9F0}.Release|Any CPU.ActiveCfg = Release|Any CPU
		{FF492F31-1FFA-4F66-8C17-8D4E889FF9F0}.Release|Any CPU.Build.0 = Release|Any CPU
		{EB44049E-5D76-4727-9140-0CF4734DFFF3}.Debug|Any CPU.ActiveCfg = Debug|Any CPU
		{EB44049E-5D76-4727-9140-0CF4734DFFF3}.Debug|Any CPU.Build.0 = Debug|Any CPU
		{EB44049E-5D76-4727-9140-0CF4734DFFF3}.Release|Any CPU.ActiveCfg = Release|Any CPU
		{EB44049E-5D76-4727-9140-0CF4734DFFF3}.Release|Any CPU.Build.0 = Release|Any CPU
		{23D1306F-50FC-4AD2-A4EC-358EA61A76A5}.Debug|Any CPU.ActiveCfg = Debug|Any CPU
		{23D1306F-50FC-4AD2-A4EC-358EA61A76A5}.Debug|Any CPU.Build.0 = Debug|Any CPU
		{23D1306F-50FC-4AD2-A4EC-358EA61A76A5}.Release|Any CPU.ActiveCfg = Release|Any CPU
		{23D1306F-50FC-4AD2-A4EC-358EA61A76A5}.Release|Any CPU.Build.0 = Release|Any CPU
		{F99E7BA9-A2BA-486E-B1DF-06811B10DB3B}.Debug|Any CPU.ActiveCfg = Debug|Any CPU
		{F99E7BA9-A2BA-486E-B1DF-06811B10DB3B}.Debug|Any CPU.Build.0 = Debug|Any CPU
		{F99E7BA9-A2BA-486E-B1DF-06811B10DB3B}.Release|Any CPU.ActiveCfg = Release|Any CPU
		{F99E7BA9-A2BA-486E-B1DF-06811B10DB3B}.Release|Any CPU.Build.0 = Release|Any CPU
	EndGlobalSection
	GlobalSection(SolutionProperties) = preSolution
		HideSolutionNode = FALSE
	EndGlobalSection
	GlobalSection(NestedProjects) = preSolution
		{A7B7226E-D69C-40D9-91AD-DAB6FD1CFD6D} = {CEB9D849-668A-489C-BE1B-28A215AE1764}
		{47E4A452-853E-4C7C-AB8D-03A39AFDBEDD} = {CEB9D849-668A-489C-BE1B-28A215AE1764}
		{7BD8B17C-CBA8-4AE5-8A59-EE9811CC88B0} = {CEB9D849-668A-489C-BE1B-28A215AE1764}
		{E1C32C8D-40F4-4363-85D3-C658DABD139A} = {A7B7226E-D69C-40D9-91AD-DAB6FD1CFD6D}
		{FF492F31-1FFA-4F66-8C17-8D4E889FF9F0} = {A7B7226E-D69C-40D9-91AD-DAB6FD1CFD6D}
		{EB44049E-5D76-4727-9140-0CF4734DFFF3} = {47E4A452-853E-4C7C-AB8D-03A39AFDBEDD}
		{23D1306F-50FC-4AD2-A4EC-358EA61A76A5} = {47E4A452-853E-4C7C-AB8D-03A39AFDBEDD}
		{F99E7BA9-A2BA-486E-B1DF-06811B10DB3B} = {7BD8B17C-CBA8-4AE5-8A59-EE9811CC88B0}
	EndGlobalSection
	GlobalSection(ExtensibilityGlobals) = postSolution
		SolutionGuid = {FB0C526E-2543-495E-96D9-20E0A217EB8E}
	EndGlobalSection
EndGlobal
